// !$*UTF8*$!
{
	archiveVersion = 1;
	classes = {
	};
	objectVersion = 56;
	objects = {

/* Begin PBXBuildFile section */
		27057DF828FC52A700131D86 /* ApperApp.swift in Sources */ = {isa = PBXBuildFile; fileRef = 27057DF728FC52A700131D86 /* ApperApp.swift */; };
		27057DFA28FC52A700131D86 /* ContentView.swift in Sources */ = {isa = PBXBuildFile; fileRef = 27057DF928FC52A700131D86 /* ContentView.swift */; };
		27057DFC28FC52A800131D86 /* Assets.xcassets in Resources */ = {isa = PBXBuildFile; fileRef = 27057DFB28FC52A800131D86 /* Assets.xcassets */; };
		27057E0028FC52A800131D86 /* Preview Assets.xcassets in Resources */ = {isa = PBXBuildFile; fileRef = 27057DFF28FC52A800131D86 /* Preview Assets.xcassets */; };
		27057E0A28FC52A800131D86 /* ApperTests.swift in Sources */ = {isa = PBXBuildFile; fileRef = 27057E0928FC52A800131D86 /* ApperTests.swift */; };
		27057E1428FC52A800131D86 /* ApperUITests.swift in Sources */ = {isa = PBXBuildFile; fileRef = 27057E1328FC52A800131D86 /* ApperUITests.swift */; };
		27057E1628FC52A800131D86 /* ApperUITestsLaunchTests.swift in Sources */ = {isa = PBXBuildFile; fileRef = 27057E1528FC52A800131D86 /* ApperUITestsLaunchTests.swift */; };
/* End PBXBuildFile section */

/* Begin PBXContainerItemProxy section */
		27057E0628FC52A800131D86 /* PBXContainerItemProxy */ = {
			isa = PBXContainerItemProxy;
			containerPortal = 27057DEC28FC52A700131D86 /* Project object */;
			proxyType = 1;
			remoteGlobalIDString = 27057DF328FC52A700131D86;
			remoteInfo = Apper;
		};
		27057E1028FC52A800131D86 /* PBXContainerItemProxy */ = {
			isa = PBXContainerItemProxy;
			containerPortal = 27057DEC28FC52A700131D86 /* Project object */;
			proxyType = 1;
			remoteGlobalIDString = 27057DF328FC52A700131D86;
			remoteInfo = Apper;
		};
/* End PBXContainerItemProxy section */

/* Begin PBXFileReference section */
		27057DF428FC52A700131D86 /* Apper.app */ = {isa = PBXFileReference; explicitFileType = wrapper.application; includeInIndex = 0; path = Apper.app; sourceTree = BUILT_PRODUCTS_DIR; };
		27057DF728FC52A700131D86 /* ApperApp.swift */ = {isa = PBXFileReference; lastKnownFileType = sourcecode.swift; path = ApperApp.swift; sourceTree = "<group>"; };
		27057DF928FC52A700131D86 /* ContentView.swift */ = {isa = PBXFileReference; lastKnownFileType = sourcecode.swift; path = ContentView.swift; sourceTree = "<group>"; };
		27057DFB28FC52A800131D86 /* Assets.xcassets */ = {isa = PBXFileReference; lastKnownFileType = folder.assetcatalog; path = Assets.xcassets; sourceTree = "<group>"; };
		27057DFD28FC52A800131D86 /* Apper.entitlements */ = {isa = PBXFileReference; lastKnownFileType = text.plist.entitlements; path = Apper.entitlements; sourceTree = "<group>"; };
		27057DFF28FC52A800131D86 /* Preview Assets.xcassets */ = {isa = PBXFileReference; lastKnownFileType = folder.assetcatalog; path = "Preview Assets.xcassets"; sourceTree = "<group>"; };
		27057E0528FC52A800131D86 /* ApperTests.xctest */ = {isa = PBXFileReference; explicitFileType = wrapper.cfbundle; includeInIndex = 0; path = ApperTests.xctest; sourceTree = BUILT_PRODUCTS_DIR; };
		27057E0928FC52A800131D86 /* ApperTests.swift */ = {isa = PBXFileReference; lastKnownFileType = sourcecode.swift; path = ApperTests.swift; sourceTree = "<group>"; };
		27057E0F28FC52A800131D86 /* ApperUITests.xctest */ = {isa = PBXFileReference; explicitFileType = wrapper.cfbundle; includeInIndex = 0; path = ApperUITests.xctest; sourceTree = BUILT_PRODUCTS_DIR; };
		27057E1328FC52A800131D86 /* ApperUITests.swift */ = {isa = PBXFileReference; lastKnownFileType = sourcecode.swift; path = ApperUITests.swift; sourceTree = "<group>"; };
		27057E1528FC52A800131D86 /* ApperUITestsLaunchTests.swift */ = {isa = PBXFileReference; lastKnownFileType = sourcecode.swift; path = ApperUITestsLaunchTests.swift; sourceTree = "<group>"; };
/* End PBXFileReference section */

/* Begin PBXFrameworksBuildPhase section */
		27057DF128FC52A700131D86 /* Frameworks */ = {
			isa = PBXFrameworksBuildPhase;
			buildActionMask = 2147483647;
			files = (
			);
			runOnlyForDeploymentPostprocessing = 0;
		};
		27057E0228FC52A800131D86 /* Frameworks */ = {
			isa = PBXFrameworksBuildPhase;
			buildActionMask = 2147483647;
			files = (
			);
			runOnlyForDeploymentPostprocessing = 0;
		};
		27057E0C28FC52A800131D86 /* Frameworks */ = {
			isa = PBXFrameworksBuildPhase;
			buildActionMask = 2147483647;
			files = (
			);
			runOnlyForDeploymentPostprocessing = 0;
		};
/* End PBXFrameworksBuildPhase section */

/* Begin PBXGroup section */
		27057DEB28FC52A700131D86 = {
			isa = PBXGroup;
			children = (
				27057DF628FC52A700131D86 /* Apper */,
				27057E0828FC52A800131D86 /* ApperTests */,
				27057E1228FC52A800131D86 /* ApperUITests */,
				27057DF528FC52A700131D86 /* Products */,
			);
			sourceTree = "<group>";
		};
		27057DF528FC52A700131D86 /* Products */ = {
			isa = PBXGroup;
			children = (
				27057DF428FC52A700131D86 /* Apper.app */,
				27057E0528FC52A800131D86 /* ApperTests.xctest */,
				27057E0F28FC52A800131D86 /* ApperUITests.xctest */,
			);
			name = Products;
			sourceTree = "<group>";
		};
		27057DF628FC52A700131D86 /* Apper */ = {
			isa = PBXGroup;
			children = (
				27057DF728FC52A700131D86 /* ApperApp.swift */,
				27057DF928FC52A700131D86 /* ContentView.swift */,
				27057DFB28FC52A800131D86 /* Assets.xcassets */,
				27057DFD28FC52A800131D86 /* Apper.entitlements */,
				27057DFE28FC52A800131D86 /* Preview Content */,
			);
			path = Apper;
			sourceTree = "<group>";
		};
		27057DFE28FC52A800131D86 /* Preview Content */ = {
			isa = PBXGroup;
			children = (
				27057DFF28FC52A800131D86 /* Preview Assets.xcassets */,
			);
			path = "Preview Content";
			sourceTree = "<group>";
		};
		27057E0828FC52A800131D86 /* ApperTests */ = {
			isa = PBXGroup;
			children = (
				27057E0928FC52A800131D86 /* ApperTests.swift */,
			);
			path = ApperTests;
			sourceTree = "<group>";
		};
		27057E1228FC52A800131D86 /* ApperUITests */ = {
			isa = PBXGroup;
			children = (
				27057E1328FC52A800131D86 /* ApperUITests.swift */,
				27057E1528FC52A800131D86 /* ApperUITestsLaunchTests.swift */,
			);
			path = ApperUITests;
			sourceTree = "<group>";
		};
/* End PBXGroup section */

/* Begin PBXNativeTarget section */
		27057DF328FC52A700131D86 /* Apper */ = {
			isa = PBXNativeTarget;
			buildConfigurationList = 27057E1928FC52A800131D86 /* Build configuration list for PBXNativeTarget "Apper" */;
			buildPhases = (
				27057DF028FC52A700131D86 /* Sources */,
				27057DF128FC52A700131D86 /* Frameworks */,
				27057DF228FC52A700131D86 /* Resources */,
			);
			buildRules = (
			);
			dependencies = (
			);
			name = Apper;
			productName = Apper;
			productReference = 27057DF428FC52A700131D86 /* Apper.app */;
			productType = "com.apple.product-type.application";
		};
		27057E0428FC52A800131D86 /* ApperTests */ = {
			isa = PBXNativeTarget;
			buildConfigurationList = 27057E1C28FC52A800131D86 /* Build configuration list for PBXNativeTarget "ApperTests" */;
			buildPhases = (
				27057E0128FC52A800131D86 /* Sources */,
				27057E0228FC52A800131D86 /* Frameworks */,
				27057E0328FC52A800131D86 /* Resources */,
			);
			buildRules = (
			);
			dependencies = (
				27057E0728FC52A800131D86 /* PBXTargetDependency */,
			);
			name = ApperTests;
			productName = ApperTests;
			productReference = 27057E0528FC52A800131D86 /* ApperTests.xctest */;
			productType = "com.apple.product-type.bundle.unit-test";
		};
		27057E0E28FC52A800131D86 /* ApperUITests */ = {
			isa = PBXNativeTarget;
			buildConfigurationList = 27057E1F28FC52A800131D86 /* Build configuration list for PBXNativeTarget "ApperUITests" */;
			buildPhases = (
				27057E0B28FC52A800131D86 /* Sources */,
				27057E0C28FC52A800131D86 /* Frameworks */,
				27057E0D28FC52A800131D86 /* Resources */,
			);
			buildRules = (
			);
			dependencies = (
				27057E1128FC52A800131D86 /* PBXTargetDependency */,
			);
			name = ApperUITests;
			productName = ApperUITests;
			productReference = 27057E0F28FC52A800131D86 /* ApperUITests.xctest */;
			productType = "com.apple.product-type.bundle.ui-testing";
		};
/* End PBXNativeTarget section */

/* Begin PBXProject section */
		27057DEC28FC52A700131D86 /* Project object */ = {
			isa = PBXProject;
			attributes = {
				BuildIndependentTargetsInParallel = 1;
				LastSwiftUpdateCheck = 1400;
				LastUpgradeCheck = 1400;
				TargetAttributes = {
					27057DF328FC52A700131D86 = {
						CreatedOnToolsVersion = 14.0.1;
					};
					27057E0428FC52A800131D86 = {
						CreatedOnToolsVersion = 14.0.1;
						TestTargetID = 27057DF328FC52A700131D86;
					};
					27057E0E28FC52A800131D86 = {
						CreatedOnToolsVersion = 14.0.1;
						TestTargetID = 27057DF328FC52A700131D86;
					};
				};
			};
			buildConfigurationList = 27057DEF28FC52A700131D86 /* Build configuration list for PBXProject "Apper" */;
			compatibilityVersion = "Xcode 14.0";
			developmentRegion = en;
			hasScannedForEncodings = 0;
			knownRegions = (
				en,
				Base,
			);
			mainGroup = 27057DEB28FC52A700131D86;
			productRefGroup = 27057DF528FC52A700131D86 /* Products */;
			projectDirPath = "";
			projectRoot = "";
			targets = (
				27057DF328FC52A700131D86 /* Apper */,
				27057E0428FC52A800131D86 /* ApperTests */,
				27057E0E28FC52A800131D86 /* ApperUITests */,
			);
		};
/* End PBXProject section */

/* Begin PBXResourcesBuildPhase section */
		27057DF228FC52A700131D86 /* Resources */ = {
			isa = PBXResourcesBuildPhase;
			buildActionMask = 2147483647;
			files = (
				27057E0028FC52A800131D86 /* Preview Assets.xcassets in Resources */,
				27057DFC28FC52A800131D86 /* Assets.xcassets in Resources */,
			);
			runOnlyForDeploymentPostprocessing = 0;
		};
		27057E0328FC52A800131D86 /* Resources */ = {
			isa = PBXResourcesBuildPhase;
			buildActionMask = 2147483647;
			files = (
			);
			runOnlyForDeploymentPostprocessing = 0;
		};
		27057E0D28FC52A800131D86 /* Resources */ = {
			isa = PBXResourcesBuildPhase;
			buildActionMask = 2147483647;
			files = (
			);
			runOnlyForDeploymentPostprocessing = 0;
		};
/* End PBXResourcesBuildPhase section */

/* Begin PBXSourcesBuildPhase section */
		27057DF028FC52A700131D86 /* Sources */ = {
			isa = PBXSourcesBuildPhase;
			buildActionMask = 2147483647;
			files = (
				27057DFA28FC52A700131D86 /* ContentView.swift in Sources */,
				27057DF828FC52A700131D86 /* ApperApp.swift in Sources */,
			);
			runOnlyForDeploymentPostprocessing = 0;
		};
		27057E0128FC52A800131D86 /* Sources */ = {
			isa = PBXSourcesBuildPhase;
			buildActionMask = 2147483647;
			files = (
				27057E0A28FC52A800131D86 /* ApperTests.swift in Sources */,
			);
			runOnlyForDeploymentPostprocessing = 0;
		};
		27057E0B28FC52A800131D86 /* Sources */ = {
			isa = PBXSourcesBuildPhase;
			buildActionMask = 2147483647;
			files = (
				27057E1428FC52A800131D86 /* ApperUITests.swift in Sources */,
				27057E1628FC52A800131D86 /* ApperUITestsLaunchTests.swift in Sources */,
			);
			runOnlyForDeploymentPostprocessing = 0;
		};
/* End PBXSourcesBuildPhase section */

/* Begin PBXTargetDependency section */
		27057E0728FC52A800131D86 /* PBXTargetDependency */ = {
			isa = PBXTargetDependency;
			target = 27057DF328FC52A700131D86 /* Apper */;
			targetProxy = 27057E0628FC52A800131D86 /* PBXContainerItemProxy */;
		};
		27057E1128FC52A800131D86 /* PBXTargetDependency */ = {
			isa = PBXTargetDependency;
			target = 27057DF328FC52A700131D86 /* Apper */;
			targetProxy = 27057E1028FC52A800131D86 /* PBXContainerItemProxy */;
		};
/* End PBXTargetDependency section */

/* Begin XCBuildConfiguration section */
		27057E1728FC52A800131D86 /* Debug */ = {
			isa = XCBuildConfiguration;
			buildSettings = {
				ALWAYS_SEARCH_USER_PATHS = NO;
				CLANG_ANALYZER_NONNULL = YES;
				CLANG_ANALYZER_NUMBER_OBJECT_CONVERSION = YES_AGGRESSIVE;
				CLANG_CXX_LANGUAGE_STANDARD = "gnu++20";
				CLANG_ENABLE_MODULES = YES;
				CLANG_ENABLE_OBJC_ARC = YES;
				CLANG_ENABLE_OBJC_WEAK = YES;
				CLANG_WARN_BLOCK_CAPTURE_AUTORELEASING = YES;
				CLANG_WARN_BOOL_CONVERSION = YES;
				CLANG_WARN_COMMA = YES;
				CLANG_WARN_CONSTANT_CONVERSION = YES;
				CLANG_WARN_DEPRECATED_OBJC_IMPLEMENTATIONS = YES;
				CLANG_WARN_DIRECT_OBJC_ISA_USAGE = YES_ERROR;
				CLANG_WARN_DOCUMENTATION_COMMENTS = YES;
				CLANG_WARN_EMPTY_BODY = YES;
				CLANG_WARN_ENUM_CONVERSION = YES;
				CLANG_WARN_INFINITE_RECURSION = YES;
				CLANG_WARN_INT_CONVERSION = YES;
				CLANG_WARN_NON_LITERAL_NULL_CONVERSION = YES;
				CLANG_WARN_OBJC_IMPLICIT_RETAIN_SELF = YES;
				CLANG_WARN_OBJC_LITERAL_CONVERSION = YES;
				CLANG_WARN_OBJC_ROOT_CLASS = YES_ERROR;
				CLANG_WARN_QUOTED_INCLUDE_IN_FRAMEWORK_HEADER = YES;
				CLANG_WARN_RANGE_LOOP_ANALYSIS = YES;
				CLANG_WARN_STRICT_PROTOTYPES = YES;
				CLANG_WARN_SUSPICIOUS_MOVE = YES;
				CLANG_WARN_UNGUARDED_AVAILABILITY = YES_AGGRESSIVE;
				CLANG_WARN_UNREACHABLE_CODE = YES;
				CLANG_WARN__DUPLICATE_METHOD_MATCH = YES;
				COPY_PHASE_STRIP = NO;
				DEBUG_INFORMATION_FORMAT = dwarf;
				ENABLE_STRICT_OBJC_MSGSEND = YES;
				ENABLE_TESTABILITY = YES;
				GCC_C_LANGUAGE_STANDARD = gnu11;
				GCC_DYNAMIC_NO_PIC = NO;
				GCC_NO_COMMON_BLOCKS = YES;
				GCC_OPTIMIZATION_LEVEL = 0;
				GCC_PREPROCESSOR_DEFINITIONS = (
					"DEBUG=1",
					"$(inherited)",
				);
				GCC_WARN_64_TO_32_BIT_CONVERSION = YES;
				GCC_WARN_ABOUT_RETURN_TYPE = YES_ERROR;
				GCC_WARN_UNDECLARED_SELECTOR = YES;
				GCC_WARN_UNINITIALIZED_AUTOS = YES_AGGRESSIVE;
				GCC_WARN_UNUSED_FUNCTION = YES;
				GCC_WARN_UNUSED_VARIABLE = YES;
				MTL_ENABLE_DEBUG_INFO = INCLUDE_SOURCE;
				MTL_FAST_MATH = YES;
				ONLY_ACTIVE_ARCH = YES;
				SWIFT_ACTIVE_COMPILATION_CONDITIONS = DEBUG;
				SWIFT_OPTIMIZATION_LEVEL = "-Onone";
			};
			name = Debug;
		};
		27057E1828FC52A800131D86 /* Release */ = {
			isa = XCBuildConfiguration;
			buildSettings = {
				ALWAYS_SEARCH_USER_PATHS = NO;
				CLANG_ANALYZER_NONNULL = YES;
				CLANG_ANALYZER_NUMBER_OBJECT_CONVERSION = YES_AGGRESSIVE;
				CLANG_CXX_LANGUAGE_STANDARD = "gnu++20";
				CLANG_ENABLE_MODULES = YES;
				CLANG_ENABLE_OBJC_ARC = YES;
				CLANG_ENABLE_OBJC_WEAK = YES;
				CLANG_WARN_BLOCK_CAPTURE_AUTORELEASING = YES;
				CLANG_WARN_BOOL_CONVERSION = YES;
				CLANG_WARN_COMMA = YES;
				CLANG_WARN_CONSTANT_CONVERSION = YES;
				CLANG_WARN_DEPRECATED_OBJC_IMPLEMENTATIONS = YES;
				CLANG_WARN_DIRECT_OBJC_ISA_USAGE = YES_ERROR;
				CLANG_WARN_DOCUMENTATION_COMMENTS = YES;
				CLANG_WARN_EMPTY_BODY = YES;
				CLANG_WARN_ENUM_CONVERSION = YES;
				CLANG_WARN_INFINITE_RECURSION = YES;
				CLANG_WARN_INT_CONVERSION = YES;
				CLANG_WARN_NON_LITERAL_NULL_CONVERSION = YES;
				CLANG_WARN_OBJC_IMPLICIT_RETAIN_SELF = YES;
				CLANG_WARN_OBJC_LITERAL_CONVERSION = YES;
				CLANG_WARN_OBJC_ROOT_CLASS = YES_ERROR;
				CLANG_WARN_QUOTED_INCLUDE_IN_FRAMEWORK_HEADER = YES;
				CLANG_WARN_RANGE_LOOP_ANALYSIS = YES;
				CLANG_WARN_STRICT_PROTOTYPES = YES;
				CLANG_WARN_SUSPICIOUS_MOVE = YES;
				CLANG_WARN_UNGUARDED_AVAILABILITY = YES_AGGRESSIVE;
				CLANG_WARN_UNREACHABLE_CODE = YES;
				CLANG_WARN__DUPLICATE_METHOD_MATCH = YES;
				COPY_PHASE_STRIP = NO;
				DEBUG_INFORMATION_FORMAT = "dwarf-with-dsym";
				ENABLE_NS_ASSERTIONS = NO;
				ENABLE_STRICT_OBJC_MSGSEND = YES;
				GCC_C_LANGUAGE_STANDARD = gnu11;
				GCC_NO_COMMON_BLOCKS = YES;
				GCC_WARN_64_TO_32_BIT_CONVERSION = YES;
				GCC_WARN_ABOUT_RETURN_TYPE = YES_ERROR;
				GCC_WARN_UNDECLARED_SELECTOR = YES;
				GCC_WARN_UNINITIALIZED_AUTOS = YES_AGGRESSIVE;
				GCC_WARN_UNUSED_FUNCTION = YES;
				GCC_WARN_UNUSED_VARIABLE = YES;
				MTL_ENABLE_DEBUG_INFO = NO;
				MTL_FAST_MATH = YES;
				SWIFT_COMPILATION_MODE = wholemodule;
				SWIFT_OPTIMIZATION_LEVEL = "-O";
			};
			name = Release;
		};
		27057E1A28FC52A800131D86 /* Debug */ = {
			isa = XCBuildConfiguration;
			buildSettings = {
				ASSETCATALOG_COMPILER_APPICON_NAME = AppIcon;
				ASSETCATALOG_COMPILER_GLOBAL_ACCENT_COLOR_NAME = AccentColor;
				CODE_SIGN_ENTITLEMENTS = Apper/Apper.entitlements;
				CODE_SIGN_STYLE = Automatic;
				CURRENT_PROJECT_VERSION = 1;
				DEVELOPMENT_ASSET_PATHS = "\"Apper/Preview Content\"";
				DEVELOPMENT_TEAM = 2Z2K63R48G;
				ENABLE_HARDENED_RUNTIME = YES;
				ENABLE_PREVIEWS = YES;
				GENERATE_INFOPLIST_FILE = YES;
				"INFOPLIST_KEY_UIApplicationSceneManifest_Generation[sdk=iphoneos*]" = YES;
				"INFOPLIST_KEY_UIApplicationSceneManifest_Generation[sdk=iphonesimulator*]" = YES;
				"INFOPLIST_KEY_UIApplicationSupportsIndirectInputEvents[sdk=iphoneos*]" = YES;
				"INFOPLIST_KEY_UIApplicationSupportsIndirectInputEvents[sdk=iphonesimulator*]" = YES;
				"INFOPLIST_KEY_UILaunchScreen_Generation[sdk=iphoneos*]" = YES;
				"INFOPLIST_KEY_UILaunchScreen_Generation[sdk=iphonesimulator*]" = YES;
				"INFOPLIST_KEY_UIStatusBarStyle[sdk=iphoneos*]" = UIStatusBarStyleDefault;
				"INFOPLIST_KEY_UIStatusBarStyle[sdk=iphonesimulator*]" = UIStatusBarStyleDefault;
				INFOPLIST_KEY_UISupportedInterfaceOrientations_iPad = "UIInterfaceOrientationPortrait UIInterfaceOrientationPortraitUpsideDown UIInterfaceOrientationLandscapeLeft UIInterfaceOrientationLandscapeRight";
				INFOPLIST_KEY_UISupportedInterfaceOrientations_iPhone = "UIInterfaceOrientationPortrait UIInterfaceOrientationLandscapeLeft UIInterfaceOrientationLandscapeRight";
				IPHONEOS_DEPLOYMENT_TARGET = 16.0;
				LD_RUNPATH_SEARCH_PATHS = "@executable_path/Frameworks";
				"LD_RUNPATH_SEARCH_PATHS[sdk=macosx*]" = "@executable_path/../Frameworks";
				MACOSX_DEPLOYMENT_TARGET = 12.3;
				MARKETING_VERSION = 1.0;
				PRODUCT_BUNDLE_IDENTIFIER = com.aminalshellman3.Apper;
				PRODUCT_NAME = "$(TARGET_NAME)";
				SDKROOT = auto;
				SUPPORTED_PLATFORMS = "iphoneos iphonesimulator macosx";
				SWIFT_EMIT_LOC_STRINGS = YES;
				SWIFT_VERSION = 5.0;
				TARGETED_DEVICE_FAMILY = "1,2";
			};
			name = Debug;
		};
		27057E1B28FC52A800131D86 /* Release */ = {
			isa = XCBuildConfiguration;
			buildSettings = {
				ASSETCATALOG_COMPILER_APPICON_NAME = AppIcon;
				ASSETCATALOG_COMPILER_GLOBAL_ACCENT_COLOR_NAME = AccentColor;
				CODE_SIGN_ENTITLEMENTS = Apper/Apper.entitlements;
				CODE_SIGN_STYLE = Automatic;
				CURRENT_PROJECT_VERSION = 1;
				DEVELOPMENT_ASSET_PATHS = "\"Apper/Preview Content\"";
				DEVELOPMENT_TEAM = 2Z2K63R48G;
				ENABLE_HARDENED_RUNTIME = YES;
				ENABLE_PREVIEWS = YES;
				GENERATE_INFOPLIST_FILE = YES;
				"INFOPLIST_KEY_UIApplicationSceneManifest_Generation[sdk=iphoneos*]" = YES;
				"INFOPLIST_KEY_UIApplicationSceneManifest_Generation[sdk=iphonesimulator*]" = YES;
				"INFOPLIST_KEY_UIApplicationSupportsIndirectInputEvents[sdk=iphoneos*]" = YES;
				"INFOPLIST_KEY_UIApplicationSupportsIndirectInputEvents[sdk=iphonesimulator*]" = YES;
				"INFOPLIST_KEY_UILaunchScreen_Generation[sdk=iphoneos*]" = YES;
				"INFOPLIST_KEY_UILaunchScreen_Generation[sdk=iphonesimulator*]" = YES;
				"INFOPLIST_KEY_UIStatusBarStyle[sdk=iphoneos*]" = UIStatusBarStyleDefault;
				"INFOPLIST_KEY_UIStatusBarStyle[sdk=iphonesimulator*]" = UIStatusBarStyleDefault;
				INFOPLIST_KEY_UISupportedInterfaceOrientations_iPad = "UIInterfaceOrientationPortrait UIInterfaceOrientationPortraitUpsideDown UIInterfaceOrientationLandscapeLeft UIInterfaceOrientationLandscapeRight";
				INFOPLIST_KEY_UISupportedInterfaceOrientations_iPhone = "UIInterfaceOrientationPortrait UIInterfaceOrientationLandscapeLeft UIInterfaceOrientationLandscapeRight";
				IPHONEOS_DEPLOYMENT_TARGET = 16.0;
				LD_RUNPATH_SEARCH_PATHS = "@executable_path/Frameworks";
				"LD_RUNPATH_SEARCH_PATHS[sdk=macosx*]" = "@executable_path/../Frameworks";
				MACOSX_DEPLOYMENT_TARGET = 12.3;
				MARKETING_VERSION = 1.0;
				PRODUCT_BUNDLE_IDENTIFIER = com.aminalshellman3.Apper;
				PRODUCT_NAME = "$(TARGET_NAME)";
				SDKROOT = auto;
				SUPPORTED_PLATFORMS = "iphoneos iphonesimulator macosx";
				SWIFT_EMIT_LOC_STRINGS = YES;
				SWIFT_VERSION = 5.0;
				TARGETED_DEVICE_FAMILY = "1,2";
			};
			name = Release;
		};
		27057E1D28FC52A800131D86 /* Debug */ = {
			isa = XCBuildConfiguration;
			buildSettings = {
				ALWAYS_EMBED_SWIFT_STANDARD_LIBRARIES = YES;
				BUNDLE_LOADER = "$(TEST_HOST)";
				CODE_SIGN_STYLE = Automatic;
				CURRENT_PROJECT_VERSION = 1;
				DEVELOPMENT_TEAM = 2Z2K63R48G;
				GENERATE_INFOPLIST_FILE = YES;
				IPHONEOS_DEPLOYMENT_TARGET = 16.0;
				MACOSX_DEPLOYMENT_TARGET = 12.3;
				MARKETING_VERSION = 1.0;
				PRODUCT_BUNDLE_IDENTIFIER = com.aminalshellman3.ApperTests;
				PRODUCT_NAME = "$(TARGET_NAME)";
				SDKROOT = auto;
				SUPPORTED_PLATFORMS = "iphoneos iphonesimulator macosx";
				SWIFT_EMIT_LOC_STRINGS = NO;
				SWIFT_VERSION = 5.0;
				TARGETED_DEVICE_FAMILY = "1,2";
				TEST_HOST = "$(BUILT_PRODUCTS_DIR)/Apper.app/$(BUNDLE_EXECUTABLE_FOLDER_PATH)/Apper";
			};
			name = Debug;
		};
		27057E1E28FC52A800131D86 /* Release */ = {
			isa = XCBuildConfiguration;
			buildSettings = {
				ALWAYS_EMBED_SWIFT_STANDARD_LIBRARIES = YES;
				BUNDLE_LOADER = "$(TEST_HOST)";
				CODE_SIGN_STYLE = Automatic;
				CURRENT_PROJECT_VERSION = 1;
				DEVELOPMENT_TEAM = 2Z2K63R48G;
				GENERATE_INFOPLIST_FILE = YES;
				IPHONEOS_DEPLOYMENT_TARGET = 16.0;
				MACOSX_DEPLOYMENT_TARGET = 12.3;
				MARKETING_VERSION = 1.0;
				PRODUCT_BUNDLE_IDENTIFIER = com.aminalshellman3.ApperTests;
				PRODUCT_NAME = "$(TARGET_NAME)";
				SDKROOT = auto;
				SUPPORTED_PLATFORMS = "iphoneos iphonesimulator macosx";
				SWIFT_EMIT_LOC_STRINGS = NO;
				SWIFT_VERSION = 5.0;
				TARGETED_DEVICE_FAMILY = "1,2";
				TEST_HOST = "$(BUILT_PRODUCTS_DIR)/Apper.app/$(BUNDLE_EXECUTABLE_FOLDER_PATH)/Apper";
			};
			name = Release;
		};
		27057E2028FC52A800131D86 /* Debug */ = {
			isa = XCBuildConfiguration;
			buildSettings = {
				ALWAYS_EMBED_SWIFT_STANDARD_LIBRARIES = YES;
				CODE_SIGN_STYLE = Automatic;
				CURRENT_PROJECT_VERSION = 1;
				DEVELOPMENT_TEAM = 2Z2K63R48G;
				GENERATE_INFOPLIST_FILE = YES;
				IPHONEOS_DEPLOYMENT_TARGET = 16.0;
				MACOSX_DEPLOYMENT_TARGET = 12.3;
				MARKETING_VERSION = 1.0;
				PRODUCT_BUNDLE_IDENTIFIER = com.aminalshellman3.ApperUITests;
				PRODUCT_NAME = "$(TARGET_NAME)";
				SDKROOT = auto;
				SUPPORTED_PLATFORMS = "iphoneos iphonesimulator macosx";
				SWIFT_EMIT_LOC_STRINGS = NO;
				SWIFT_VERSION = 5.0;
				TARGETED_DEVICE_FAMILY = "1,2";
				TEST_TARGET_NAME = Apper;
			};
			name = Debug;
		};
		27057E2128FC52A800131D86 /* Release */ = {
			isa = XCBuildConfiguration;
			buildSettings = {
				ALWAYS_EMBED_SWIFT_STANDARD_LIBRARIES = YES;
				CODE_SIGN_STYLE = Automatic;
				CURRENT_PROJECT_VERSION = 1;
				DEVELOPMENT_TEAM = 2Z2K63R48G;
				GENERATE_INFOPLIST_FILE = YES;
				IPHONEOS_DEPLOYMENT_TARGET = 16.0;
				MACOSX_DEPLOYMENT_TARGET = 12.3;
				MARKETING_VERSION = 1.0;
				PRODUCT_BUNDLE_IDENTIFIER = com.aminalshellman3.ApperUITests;
				PRODUCT_NAME = "$(TARGET_NAME)";
				SDKROOT = auto;
				SUPPORTED_PLATFORMS = "iphoneos iphonesimulator macosx";
				SWIFT_EMIT_LOC_STRINGS = NO;
				SWIFT_VERSION = 5.0;
				TARGETED_DEVICE_FAMILY = "1,2";
				TEST_TARGET_NAME = Apper;
			};
			name = Release;
		};
/* End XCBuildConfiguration section */

/* Begin XCConfigurationList section */
		27057DEF28FC52A700131D86 /* Build configuration list for PBXProject "Apper" */ = {
			isa = XCConfigurationList;
			buildConfigurations = (
				27057E1728FC52A800131D86 /* Debug */,
				27057E1828FC52A800131D86 /* Release */,
			);
			defaultConfigurationIsVisible = 0;
			defaultConfigurationName = Release;
		};
		27057E1928FC52A800131D86 /* Build configuration list for PBXNativeTarget "Apper" */ = {
			isa = XCConfigurationList;
			buildConfigurations = (
				27057E1A28FC52A800131D86 /* Debug */,
				27057E1B28FC52A800131D86 /* Release */,
			);
			defaultConfigurationIsVisible = 0;
			defaultConfigurationName = Release;
		};
		27057E1C28FC52A800131D86 /* Build configuration list for PBXNativeTarget "ApperTests" */ = {
			isa = XCConfigurationList;
			buildConfigurations = (
				27057E1D28FC52A800131D86 /* Debug */,
				27057E1E28FC52A800131D86 /* Release */,
			);
			defaultConfigurationIsVisible = 0;
			defaultConfigurationName = Release;
		};
		27057E1F28FC52A800131D86 /* Build configuration list for PBXNativeTarget "ApperUITests" */ = {
			isa = XCConfigurationList;
			buildConfigurations = (
				27057E2028FC52A800131D86 /* Debug */,
				27057E2128FC52A800131D86 /* Release */,
			);
			defaultConfigurationIsVisible = 0;
			defaultConfigurationName = Release;
		};
/* End XCConfigurationList section */
	};
	rootObject = 27057DEC28FC52A700131D86 /* Project object */;
}
